
Microsoft Visual Studio Solution File, Format Version 12.00
# Visual Studio Version 16
VisualStudioVersion = 16.0.31129.286
MinimumVisualStudioVersion = 10.0.40219.1
Project("{9A19103F-16F7-4668-BE54-9A1E7A4F7556}") = "altium.repl.gen", "generator\altium.repl.gen.csproj", "{81181180-7937-467E-80C7-2E488A2AF351}"
EndProject
Project("{9A19103F-16F7-4668-BE54-9A1E7A4F7556}") = "altium.repl.sort", "sandbox\altium.repl.sort.csproj", "{5B1DAA21-4D4A-4707-84CC-CB308FBE6C29}"
EndProject
Project("{9A19103F-16F7-4668-BE54-9A1E7A4F7556}") = "altium.core", "common\altium.core.csproj", "{1DD03AA0-F903-40BB-8CD9-864CEED77969}"
EndProject
Global
	GlobalSection(SolutionConfigurationPlatforms) = preSolution
		Debug|Any CPU = Debug|Any CPU
		Release|Any CPU = Release|Any CPU
	EndGlobalSection
	GlobalSection(ProjectConfigurationPlatforms) = postSolution
		{81181180-7937-467E-80C7-2E488A2AF351}.Debug|Any CPU.ActiveCfg = Debug|Any CPU
		{81181180-7937-467E-80C7-2E488A2AF351}.Debug|Any CPU.Build.0 = Debug|Any CPU
		{81181180-7937-467E-80C7-2E488A2AF351}.Release|Any CPU.ActiveCfg = Release|Any CPU
		{81181180-7937-467E-80C7-2E488A2AF351}.Release|Any CPU.Build.0 = Release|Any CPU
		{5B1DAA21-4D4A-4707-84CC-CB308FBE6C29}.Debug|Any CPU.ActiveCfg = Debug|Any CPU
		{5B1DAA21-4D4A-4707-84CC-CB308FBE6C29}.Debug|Any CPU.Build.0 = Debug|Any CPU
		{5B1DAA21-4D4A-4707-84CC-CB308FBE6C29}.Release|Any CPU.ActiveCfg = Release|Any CPU
		{5B1DAA21-4D4A-4707-84CC-CB308FBE6C29}.Release|Any CPU.Build.0 = Release|Any CPU
		{1DD03AA0-F903-40BB-8CD9-864CEED77969}.Debug|Any CPU.ActiveCfg = Debug|Any CPU
		{1DD03AA0-F903-40BB-8CD9-864CEED77969}.Debug|Any CPU.Build.0 = Debug|Any CPU
		{1DD03AA0-F903-40BB-8CD9-864CEED77969}.Release|Any CPU.ActiveCfg = Release|Any CPU
		{1DD03AA0-F903-40BB-8CD9-864CEED77969}.Release|Any CPU.Build.0 = Release|Any CPU
	EndGlobalSection
	GlobalSection(SolutionProperties) = preSolution
		HideSolutionNode = FALSE
	EndGlobalSection
	GlobalSection(ExtensibilityGlobals) = postSolution
		SolutionGuid = {A069A834-A16A-42C7-A9A1-953D5F76FA58}
	EndGlobalSection
EndGlobal
