
Microsoft Visual Studio Solution File, Format Version 12.00
# Visual Studio Version 16
VisualStudioVersion = 16.0.31129.286
MinimumVisualStudioVersion = 10.0.40219.1
Project("{9A19103F-16F7-4668-BE54-9A1E7A4F7556}") = "altium.core", "core\altium.core.csproj", "{012DB4DA-EF56-416F-8314-109FF30F831D}"
EndProject
Project("{9A19103F-16F7-4668-BE54-9A1E7A4F7556}") = "altium.repl.gen", "repl\generator\altium.repl.gen.csproj", "{F19DFD54-104F-4E70-A9AC-65DB21A66E9A}"
EndProject
Project("{9A19103F-16F7-4668-BE54-9A1E7A4F7556}") = "altium.repl.sort", "repl\sort\altium.repl.sort.csproj", "{8A79EE62-E3BD-43F9-A328-EE3EC3CFF637}"
EndProject
Global
	GlobalSection(SolutionConfigurationPlatforms) = preSolution
		Debug|Any CPU = Debug|Any CPU
		Release|Any CPU = Release|Any CPU
	EndGlobalSection
	GlobalSection(ProjectConfigurationPlatforms) = postSolution
		{012DB4DA-EF56-416F-8314-109FF30F831D}.Debug|Any CPU.ActiveCfg = Debug|Any CPU
		{012DB4DA-EF56-416F-8314-109FF30F831D}.Debug|Any CPU.Build.0 = Debug|Any CPU
		{012DB4DA-EF56-416F-8314-109FF30F831D}.Release|Any CPU.ActiveCfg = Release|Any CPU
		{012DB4DA-EF56-416F-8314-109FF30F831D}.Release|Any CPU.Build.0 = Release|Any CPU
		{F19DFD54-104F-4E70-A9AC-65DB21A66E9A}.Debug|Any CPU.ActiveCfg = Debug|Any CPU
		{F19DFD54-104F-4E70-A9AC-65DB21A66E9A}.Debug|Any CPU.Build.0 = Debug|Any CPU
		{F19DFD54-104F-4E70-A9AC-65DB21A66E9A}.Release|Any CPU.ActiveCfg = Release|Any CPU
		{F19DFD54-104F-4E70-A9AC-65DB21A66E9A}.Release|Any CPU.Build.0 = Release|Any CPU
		{8A79EE62-E3BD-43F9-A328-EE3EC3CFF637}.Debug|Any CPU.ActiveCfg = Debug|Any CPU
		{8A79EE62-E3BD-43F9-A328-EE3EC3CFF637}.Debug|Any CPU.Build.0 = Debug|Any CPU
		{8A79EE62-E3BD-43F9-A328-EE3EC3CFF637}.Release|Any CPU.ActiveCfg = Release|Any CPU
		{8A79EE62-E3BD-43F9-A328-EE3EC3CFF637}.Release|Any CPU.Build.0 = Release|Any CPU
	EndGlobalSection
	GlobalSection(SolutionProperties) = preSolution
		HideSolutionNode = FALSE
	EndGlobalSection
	GlobalSection(ExtensibilityGlobals) = postSolution
		SolutionGuid = {A069A834-A16A-42C7-A9A1-953D5F76FA58}
	EndGlobalSection
EndGlobal
